
Microsoft Visual Studio Solution File, Format Version 12.00
# Visual Studio Version 17
VisualStudioVersion = 17.3.32811.315
MinimumVisualStudioVersion = 10.0.40219.1
Project("{FAE04EC0-301F-11D3-BF4B-00C04F79EFBC}") = "Project2ToDoApp", "Project2ToDoApp.csproj", "{FE2B3BCE-27B1-4943-8A45-340085E28BAF}"
EndProject
Global
	GlobalSection(SolutionConfigurationPlatforms) = preSolution
		Debug|Any CPU = Debug|Any CPU
		Release|Any CPU = Release|Any CPU
	EndGlobalSection
	GlobalSection(ProjectConfigurationPlatforms) = postSolution
		{FE2B3BCE-27B1-4943-8A45-340085E28BAF}.Debug|Any CPU.ActiveCfg = Debug|Any CPU
		{FE2B3BCE-27B1-4943-8A45-340085E28BAF}.Debug|Any CPU.Build.0 = Debug|Any CPU
		{FE2B3BCE-27B1-4943-8A45-340085E28BAF}.Release|Any CPU.ActiveCfg = Release|Any CPU
		{FE2B3BCE-27B1-4943-8A45-340085E28BAF}.Release|Any CPU.Build.0 = Release|Any CPU
	EndGlobalSection
	GlobalSection(SolutionProperties) = preSolution
		HideSolutionNode = FALSE
	EndGlobalSection
	GlobalSection(ExtensibilityGlobals) = postSolution
		SolutionGuid = {FFD428DA-2B67-4BE2-B9C3-055E12094533}
	EndGlobalSection
EndGlobal
